
Microsoft Visual Studio Solution File, Format Version 12.00
# Visual Studio Version 16
VisualStudioVersion = 16.0.29709.97
MinimumVisualStudioVersion = 10.0.40219.1
Project("{FAE04EC0-301F-11D3-BF4B-00C04F79EFBC}") = "USBHelperLauncher", "USBHelperLauncher\USBHelperLauncher.csproj", "{B1AB9682-04B9-4662-90AA-2B1F97696656}"
EndProject
Project("{FAE04EC0-301F-11D3-BF4B-00C04F79EFBC}") = "USBHelperInjector", "USBHelperInjector\USBHelperInjector.csproj", "{6488B1DE-2B46-4AE0-9A8A-429DAA2BB43E}"
EndProject
Global
	GlobalSection(SolutionConfigurationPlatforms) = preSolution
		Debug|Any CPU = Debug|Any CPU
		Release|Any CPU = Release|Any CPU
	EndGlobalSection
	GlobalSection(ProjectConfigurationPlatforms) = postSolution
		{B1AB9682-04B9-4662-90AA-2B1F97696656}.Debug|Any CPU.ActiveCfg = Debug|Any CPU
		{B1AB9682-04B9-4662-90AA-2B1F97696656}.Debug|Any CPU.Build.0 = Debug|Any CPU
		{B1AB9682-04B9-4662-90AA-2B1F97696656}.Release|Any CPU.ActiveCfg = Release|Any CPU
		{B1AB9682-04B9-4662-90AA-2B1F97696656}.Release|Any CPU.Build.0 = Release|Any CPU
		{6488B1DE-2B46-4AE0-9A8A-429DAA2BB43E}.Debug|Any CPU.ActiveCfg = Debug|Any CPU
		{6488B1DE-2B46-4AE0-9A8A-429DAA2BB43E}.Debug|Any CPU.Build.0 = Debug|Any CPU
		{6488B1DE-2B46-4AE0-9A8A-429DAA2BB43E}.Release|Any CPU.ActiveCfg = Release|Any CPU
		{6488B1DE-2B46-4AE0-9A8A-429DAA2BB43E}.Release|Any CPU.Build.0 = Release|Any CPU
	EndGlobalSection
	GlobalSection(SolutionProperties) = preSolution
		HideSolutionNode = FALSE
	EndGlobalSection
	GlobalSection(ExtensibilityGlobals) = postSolution
		SolutionGuid = {C89C8CEE-3854-488D-B1D4-68797E5DF7CA}
	EndGlobalSection
EndGlobal
